
Microsoft Visual Studio Solution File, Format Version 12.00
# Visual Studio Version 18
VisualStudioVersion = 18.0.11222.15 d18.0
MinimumVisualStudioVersion = 10.0.40219.1
Project("{FAE04EC0-301F-11D3-BF4B-00C04F79EFBC}") = "PostGresAPI", "PostGresAPI\PostGresAPI.csproj", "{60A152D3-BE69-41D9-B968-A220A515E4D6}"
EndProject
Project("{FAE04EC0-301F-11D3-BF4B-00C04F79EFBC}") = "PostGresAPI.UnitTests", "PostGresAPI.UnitTests\PostGresAPI.UnitTests.csproj", "{540B0A81-0FD1-6A0F-E679-29E55D832D23}"
EndProject
Global
	GlobalSection(SolutionConfigurationPlatforms) = preSolution
		Debug|Any CPU = Debug|Any CPU
		Debug|x64 = Debug|x64
		Debug|x86 = Debug|x86
		Release|Any CPU = Release|Any CPU
		Release|x64 = Release|x64
		Release|x86 = Release|x86
	EndGlobalSection
	GlobalSection(ProjectConfigurationPlatforms) = postSolution
		{60A152D3-BE69-41D9-B968-A220A515E4D6}.Debug|Any CPU.ActiveCfg = Debug|Any CPU
		{60A152D3-BE69-41D9-B968-A220A515E4D6}.Debug|Any CPU.Build.0 = Debug|Any CPU
		{60A152D3-BE69-41D9-B968-A220A515E4D6}.Debug|x64.ActiveCfg = Debug|Any CPU
		{60A152D3-BE69-41D9-B968-A220A515E4D6}.Debug|x64.Build.0 = Debug|Any CPU
		{60A152D3-BE69-41D9-B968-A220A515E4D6}.Debug|x86.ActiveCfg = Debug|Any CPU
		{60A152D3-BE69-41D9-B968-A220A515E4D6}.Debug|x86.Build.0 = Debug|Any CPU
		{60A152D3-BE69-41D9-B968-A220A515E4D6}.Release|Any CPU.ActiveCfg = Release|Any CPU
		{60A152D3-BE69-41D9-B968-A220A515E4D6}.Release|Any CPU.Build.0 = Release|Any CPU
		{60A152D3-BE69-41D9-B968-A220A515E4D6}.Release|x64.ActiveCfg = Release|Any CPU
		{60A152D3-BE69-41D9-B968-A220A515E4D6}.Release|x64.Build.0 = Release|Any CPU
		{60A152D3-BE69-41D9-B968-A220A515E4D6}.Release|x86.ActiveCfg = Release|Any CPU
		{60A152D3-BE69-41D9-B968-A220A515E4D6}.Release|x86.Build.0 = Release|Any CPU
		{540B0A81-0FD1-6A0F-E679-29E55D832D23}.Debug|Any CPU.ActiveCfg = Debug|Any CPU
		{540B0A81-0FD1-6A0F-E679-29E55D832D23}.Debug|Any CPU.Build.0 = Debug|Any CPU
		{540B0A81-0FD1-6A0F-E679-29E55D832D23}.Debug|x64.ActiveCfg = Debug|Any CPU
		{540B0A81-0FD1-6A0F-E679-29E55D832D23}.Debug|x64.Build.0 = Debug|Any CPU
		{540B0A81-0FD1-6A0F-E679-29E55D832D23}.Debug|x86.ActiveCfg = Debug|Any CPU
		{540B0A81-0FD1-6A0F-E679-29E55D832D23}.Debug|x86.Build.0 = Debug|Any CPU
		{540B0A81-0FD1-6A0F-E679-29E55D832D23}.Release|Any CPU.ActiveCfg = Release|Any CPU
		{540B0A81-0FD1-6A0F-E679-29E55D832D23}.Release|Any CPU.Build.0 = Release|Any CPU
		{540B0A81-0FD1-6A0F-E679-29E55D832D23}.Release|x64.ActiveCfg = Release|Any CPU
		{540B0A81-0FD1-6A0F-E679-29E55D832D23}.Release|x64.Build.0 = Release|Any CPU
		{540B0A81-0FD1-6A0F-E679-29E55D832D23}.Release|x86.ActiveCfg = Release|Any CPU
		{540B0A81-0FD1-6A0F-E679-29E55D832D23}.Release|x86.Build.0 = Release|Any CPU
	EndGlobalSection
	GlobalSection(SolutionProperties) = preSolution
		HideSolutionNode = FALSE
	EndGlobalSection
EndGlobal
